
Microsoft Visual Studio Solution File, Format Version 12.00
# Visual Studio Version 17
VisualStudioVersion = 17.0.31903.59
MinimumVisualStudioVersion = 10.0.40219.1
Project("{FAE04EC0-301F-11D3-BF4B-00C04F79EFBC}") = "RvtMcp.Server", "server\RvtMcp.Server.csproj", "{5171C140-D915-4570-A04E-3E27631912E0}"
EndProject
Project("{FAE04EC0-301F-11D3-BF4B-00C04F79EFBC}") = "RvtMcp.Plugin.R22", "plugin-r22\RvtMcp.Plugin.R22.csproj", "{B1A2C3D4-E5F6-7890-ABCD-EF1234567890}"
EndProject
Project("{FAE04EC0-301F-11D3-BF4B-00C04F79EFBC}") = "RvtMcp.Plugin.R23", "plugin-r23\RvtMcp.Plugin.R23.csproj", "{C1A2C3D4-E5F6-7890-ABCD-EF1234567891}"
EndProject
Project("{FAE04EC0-301F-11D3-BF4B-00C04F79EFBC}") = "RvtMcp.Plugin.R24", "plugin-r24\RvtMcp.Plugin.R24.csproj", "{D1A2C3D4-E5F6-7890-ABCD-EF1234567892}"
EndProject
Project("{FAE04EC0-301F-11D3-BF4B-00C04F79EFBC}") = "RvtMcp.Plugin.R25", "plugin-r25\RvtMcp.Plugin.R25.csproj", "{E1A2C3D4-E5F6-7890-ABCD-EF1234567893}"
EndProject
Project("{FAE04EC0-301F-11D3-BF4B-00C04F79EFBC}") = "RvtMcp.Plugin.R26", "plugin-r26\RvtMcp.Plugin.R26.csproj", "{F1A2C3D4-E5F6-7890-ABCD-EF1234567894}"
EndProject
Project("{FAE04EC0-301F-11D3-BF4B-00C04F79EFBC}") = "RvtMcp.Plugin.R27", "plugin-r27\RvtMcp.Plugin.R27.csproj", "{A2A2C3D4-E5F6-7890-ABCD-EF1234567895}"
EndProject
Project("{2150E333-8FDC-42A3-9474-1A3956D46DE8}") = "tests", "tests", "{0AB3BF05-4346-4AA6-1389-037BE0695223}"
EndProject
Project("{FAE04EC0-301F-11D3-BF4B-00C04F79EFBC}") = "RvtMcp.Tests", "..\tests\RvtMcp.Tests\RvtMcp.Tests.csproj", "{BD45F68F-C4F1-425B-8BCB-A518D22A507A}"
EndProject
Global
	GlobalSection(SolutionConfigurationPlatforms) = preSolution
		Debug|Any CPU = Debug|Any CPU
		Debug|x64 = Debug|x64
		Debug|x86 = Debug|x86
		Release|Any CPU = Release|Any CPU
		Release|x64 = Release|x64
		Release|x86 = Release|x86
	EndGlobalSection
	GlobalSection(ProjectConfigurationPlatforms) = postSolution
		{5171C140-D915-4570-A04E-3E27631912E0}.Debug|Any CPU.ActiveCfg = Debug|Any CPU
		{5171C140-D915-4570-A04E-3E27631912E0}.Debug|Any CPU.Build.0 = Debug|Any CPU
		{5171C140-D915-4570-A04E-3E27631912E0}.Debug|x64.ActiveCfg = Debug|Any CPU
		{5171C140-D915-4570-A04E-3E27631912E0}.Debug|x64.Build.0 = Debug|Any CPU
		{5171C140-D915-4570-A04E-3E27631912E0}.Debug|x86.ActiveCfg = Debug|Any CPU
		{5171C140-D915-4570-A04E-3E27631912E0}.Debug|x86.Build.0 = Debug|Any CPU
		{5171C140-D915-4570-A04E-3E27631912E0}.Release|Any CPU.ActiveCfg = Release|Any CPU
		{5171C140-D915-4570-A04E-3E27631912E0}.Release|Any CPU.Build.0 = Release|Any CPU
		{5171C140-D915-4570-A04E-3E27631912E0}.Release|x64.ActiveCfg = Release|Any CPU
		{5171C140-D915-4570-A04E-3E27631912E0}.Release|x64.Build.0 = Release|Any CPU
		{5171C140-D915-4570-A04E-3E27631912E0}.Release|x86.ActiveCfg = Release|Any CPU
		{5171C140-D915-4570-A04E-3E27631912E0}.Release|x86.Build.0 = Release|Any CPU
		{B1A2C3D4-E5F6-7890-ABCD-EF1234567890}.Debug|Any CPU.ActiveCfg = Debug|Any CPU
		{B1A2C3D4-E5F6-7890-ABCD-EF1234567890}.Debug|Any CPU.Build.0 = Debug|Any CPU
		{B1A2C3D4-E5F6-7890-ABCD-EF1234567890}.Debug|x64.ActiveCfg = Debug|Any CPU
		{B1A2C3D4-E5F6-7890-ABCD-EF1234567890}.Debug|x64.Build.0 = Debug|Any CPU
		{B1A2C3D4-E5F6-7890-ABCD-EF1234567890}.Debug|x86.ActiveCfg = Debug|Any CPU
		{B1A2C3D4-E5F6-7890-ABCD-EF1234567890}.Debug|x86.Build.0 = Debug|Any CPU
		{B1A2C3D4-E5F6-7890-ABCD-EF1234567890}.Release|Any CPU.ActiveCfg = Release|Any CPU
		{B1A2C3D4-E5F6-7890-ABCD-EF1234567890}.Release|Any CPU.Build.0 = Release|Any CPU
		{B1A2C3D4-E5F6-7890-ABCD-EF1234567890}.Release|x64.ActiveCfg = Release|Any CPU
		{B1A2C3D4-E5F6-7890-ABCD-EF1234567890}.Release|x64.Build.0 = Release|Any CPU
		{B1A2C3D4-E5F6-7890-ABCD-EF1234567890}.Release|x86.ActiveCfg = Release|Any CPU
		{B1A2C3D4-E5F6-7890-ABCD-EF1234567890}.Release|x86.Build.0 = Release|Any CPU
		{C1A2C3D4-E5F6-7890-ABCD-EF1234567891}.Debug|Any CPU.ActiveCfg = Debug|Any CPU
		{C1A2C3D4-E5F6-7890-ABCD-EF1234567891}.Debug|Any CPU.Build.0 = Debug|Any CPU
		{C1A2C3D4-E5F6-7890-ABCD-EF1234567891}.Debug|x64.ActiveCfg = Debug|Any CPU
		{C1A2C3D4-E5F6-7890-ABCD-EF1234567891}.Debug|x64.Build.0 = Debug|Any CPU
		{C1A2C3D4-E5F6-7890-ABCD-EF1234567891}.Debug|x86.ActiveCfg = Debug|Any CPU
		{C1A2C3D4-E5F6-7890-ABCD-EF1234567891}.Debug|x86.Build.0 = Debug|Any CPU
		{C1A2C3D4-E5F6-7890-ABCD-EF1234567891}.Release|Any CPU.ActiveCfg = Release|Any CPU
		{C1A2C3D4-E5F6-7890-ABCD-EF1234567891}.Release|Any CPU.Build.0 = Release|Any CPU
		{C1A2C3D4-E5F6-7890-ABCD-EF1234567891}.Release|x64.ActiveCfg = Release|Any CPU
		{C1A2C3D4-E5F6-7890-ABCD-EF1234567891}.Release|x64.Build.0 = Release|Any CPU
		{C1A2C3D4-E5F6-7890-ABCD-EF1234567891}.Release|x86.ActiveCfg = Release|Any CPU
		{C1A2C3D4-E5F6-7890-ABCD-EF1234567891}.Release|x86.Build.0 = Release|Any CPU
		{D1A2C3D4-E5F6-7890-ABCD-EF1234567892}.Debug|Any CPU.ActiveCfg = Debug|Any CPU
		{D1A2C3D4-E5F6-7890-ABCD-EF1234567892}.Debug|Any CPU.Build.0 = Debug|Any CPU
		{D1A2C3D4-E5F6-7890-ABCD-EF1234567892}.Debug|x64.ActiveCfg = Debug|Any CPU
		{D1A2C3D4-E5F6-7890-ABCD-EF1234567892}.Debug|x64.Build.0 = Debug|Any CPU
		{D1A2C3D4-E5F6-7890-ABCD-EF1234567892}.Debug|x86.ActiveCfg = Debug|Any CPU
		{D1A2C3D4-E5F6-7890-ABCD-EF1234567892}.Debug|x86.Build.0 = Debug|Any CPU
		{D1A2C3D4-E5F6-7890-ABCD-EF1234567892}.Release|Any CPU.ActiveCfg = Release|Any CPU
		{D1A2C3D4-E5F6-7890-ABCD-EF1234567892}.Release|Any CPU.Build.0 = Release|Any CPU
		{D1A2C3D4-E5F6-7890-ABCD-EF1234567892}.Release|x64.ActiveCfg = Release|Any CPU
		{D1A2C3D4-E5F6-7890-ABCD-EF1234567892}.Release|x64.Build.0 = Release|Any CPU
		{D1A2C3D4-E5F6-7890-ABCD-EF1234567892}.Release|x86.ActiveCfg = Release|Any CPU
		{D1A2C3D4-E5F6-7890-ABCD-EF1234567892}.Release|x86.Build.0 = Release|Any CPU
		{E1A2C3D4-E5F6-7890-ABCD-EF1234567893}.Debug|Any CPU.ActiveCfg = Debug|Any CPU
		{E1A2C3D4-E5F6-7890-ABCD-EF1234567893}.Debug|Any CPU.Build.0 = Debug|Any CPU
		{E1A2C3D4-E5F6-7890-ABCD-EF1234567893}.Debug|x64.ActiveCfg = Debug|Any CPU
		{E1A2C3D4-E5F6-7890-ABCD-EF1234567893}.Debug|x64.Build.0 = Debug|Any CPU
		{E1A2C3D4-E5F6-7890-ABCD-EF1234567893}.Debug|x86.ActiveCfg = Debug|Any CPU
		{E1A2C3D4-E5F6-7890-ABCD-EF1234567893}.Debug|x86.Build.0 = Debug|Any CPU
		{E1A2C3D4-E5F6-7890-ABCD-EF1234567893}.Release|Any CPU.ActiveCfg = Release|Any CPU
		{E1A2C3D4-E5F6-7890-ABCD-EF1234567893}.Release|Any CPU.Build.0 = Release|Any CPU
		{E1A2C3D4-E5F6-7890-ABCD-EF1234567893}.Release|x64.ActiveCfg = Release|Any CPU
		{E1A2C3D4-E5F6-7890-ABCD-EF1234567893}.Release|x64.Build.0 = Release|Any CPU
		{E1A2C3D4-E5F6-7890-ABCD-EF1234567893}.Release|x86.ActiveCfg = Release|Any CPU
		{E1A2C3D4-E5F6-7890-ABCD-EF1234567893}.Release|x86.Build.0 = Release|Any CPU
		{F1A2C3D4-E5F6-7890-ABCD-EF1234567894}.Debug|Any CPU.ActiveCfg = Debug|Any CPU
		{F1A2C3D4-E5F6-7890-ABCD-EF1234567894}.Debug|Any CPU.Build.0 = Debug|Any CPU
		{F1A2C3D4-E5F6-7890-ABCD-EF1234567894}.Debug|x64.ActiveCfg = Debug|Any CPU
		{F1A2C3D4-E5F6-7890-ABCD-EF1234567894}.Debug|x64.Build.0 = Debug|Any CPU
		{F1A2C3D4-E5F6-7890-ABCD-EF1234567894}.Debug|x86.ActiveCfg = Debug|Any CPU
		{F1A2C3D4-E5F6-7890-ABCD-EF1234567894}.Debug|x86.Build.0 = Debug|Any CPU
		{F1A2C3D4-E5F6-7890-ABCD-EF1234567894}.Release|Any CPU.ActiveCfg = Release|Any CPU
		{F1A2C3D4-E5F6-7890-ABCD-EF1234567894}.Release|Any CPU.Build.0 = Release|Any CPU
		{F1A2C3D4-E5F6-7890-ABCD-EF1234567894}.Release|x64.ActiveCfg = Release|Any CPU
		{F1A2C3D4-E5F6-7890-ABCD-EF1234567894}.Release|x64.Build.0 = Release|Any CPU
		{F1A2C3D4-E5F6-7890-ABCD-EF1234567894}.Release|x86.ActiveCfg = Release|Any CPU
		{F1A2C3D4-E5F6-7890-ABCD-EF1234567894}.Release|x86.Build.0 = Release|Any CPU
		{A2A2C3D4-E5F6-7890-ABCD-EF1234567895}.Debug|Any CPU.ActiveCfg = Debug|Any CPU
		{A2A2C3D4-E5F6-7890-ABCD-EF1234567895}.Debug|Any CPU.Build.0 = Debug|Any CPU
		{A2A2C3D4-E5F6-7890-ABCD-EF1234567895}.Debug|x64.ActiveCfg = Debug|Any CPU
		{A2A2C3D4-E5F6-7890-ABCD-EF1234567895}.Debug|x64.Build.0 = Debug|Any CPU
		{A2A2C3D4-E5F6-7890-ABCD-EF1234567895}.Debug|x86.ActiveCfg = Debug|Any CPU
		{A2A2C3D4-E5F6-7890-ABCD-EF1234567895}.Debug|x86.Build.0 = Debug|Any CPU
		{A2A2C3D4-E5F6-7890-ABCD-EF1234567895}.Release|Any CPU.ActiveCfg = Release|Any CPU
		{A2A2C3D4-E5F6-7890-ABCD-EF1234567895}.Release|Any CPU.Build.0 = Release|Any CPU
		{A2A2C3D4-E5F6-7890-ABCD-EF1234567895}.Release|x64.ActiveCfg = Release|Any CPU
		{A2A2C3D4-E5F6-7890-ABCD-EF1234567895}.Release|x64.Build.0 = Release|Any CPU
		{A2A2C3D4-E5F6-7890-ABCD-EF1234567895}.Release|x86.ActiveCfg = Release|Any CPU
		{A2A2C3D4-E5F6-7890-ABCD-EF1234567895}.Release|x86.Build.0 = Release|Any CPU
		{BD45F68F-C4F1-425B-8BCB-A518D22A507A}.Debug|Any CPU.ActiveCfg = Debug|Any CPU
		{BD45F68F-C4F1-425B-8BCB-A518D22A507A}.Debug|Any CPU.Build.0 = Debug|Any CPU
		{BD45F68F-C4F1-425B-8BCB-A518D22A507A}.Debug|x64.ActiveCfg = Debug|Any CPU
		{BD45F68F-C4F1-425B-8BCB-A518D22A507A}.Debug|x64.Build.0 = Debug|Any CPU
		{BD45F68F-C4F1-425B-8BCB-A518D22A507A}.Debug|x86.ActiveCfg = Debug|Any CPU
		{BD45F68F-C4F1-425B-8BCB-A518D22A507A}.Debug|x86.Build.0 = Debug|Any CPU
		{BD45F68F-C4F1-425B-8BCB-A518D22A507A}.Release|Any CPU.ActiveCfg = Release|Any CPU
		{BD45F68F-C4F1-425B-8BCB-A518D22A507A}.Release|Any CPU.Build.0 = Release|Any CPU
		{BD45F68F-C4F1-425B-8BCB-A518D22A507A}.Release|x64.ActiveCfg = Release|Any CPU
		{BD45F68F-C4F1-425B-8BCB-A518D22A507A}.Release|x64.Build.0 = Release|Any CPU
		{BD45F68F-C4F1-425B-8BCB-A518D22A507A}.Release|x86.ActiveCfg = Release|Any CPU
		{BD45F68F-C4F1-425B-8BCB-A518D22A507A}.Release|x86.Build.0 = Release|Any CPU
	EndGlobalSection
	GlobalSection(SolutionProperties) = preSolution
		HideSolutionNode = FALSE
	EndGlobalSection
	GlobalSection(NestedProjects) = preSolution
		{BD45F68F-C4F1-425B-8BCB-A518D22A507A} = {0AB3BF05-4346-4AA6-1389-037BE0695223}
	EndGlobalSection
EndGlobal
